
Microsoft Visual Studio Solution File, Format Version 12.00
# Visual Studio Version 16
VisualStudioVersion = 16.0.31112.23
MinimumVisualStudioVersion = 10.0.40219.1
Project("{FAE04EC0-301F-11D3-BF4B-00C04F79EFBC}") = "Lab6", "Lab6\Lab6.csproj", "{E3351A26-FC62-4D18-926B-1DA3F1A3283B}"
EndProject
Project("{FAE04EC0-301F-11D3-BF4B-00C04F79EFBC}") = "Lab8", "Lab8\Lab8.csproj", "{28F780EF-E535-403E-AF5A-6674456153D4}"
EndProject
Global
	GlobalSection(SolutionConfigurationPlatforms) = preSolution
		Debug|Any CPU = Debug|Any CPU
		Release|Any CPU = Release|Any CPU
	EndGlobalSection
	GlobalSection(ProjectConfigurationPlatforms) = postSolution
		{E3351A26-FC62-4D18-926B-1DA3F1A3283B}.Debug|Any CPU.ActiveCfg = Debug|Any CPU
		{E3351A26-FC62-4D18-926B-1DA3F1A3283B}.Debug|Any CPU.Build.0 = Debug|Any CPU
		{E3351A26-FC62-4D18-926B-1DA3F1A3283B}.Release|Any CPU.ActiveCfg = Release|Any CPU
		{E3351A26-FC62-4D18-926B-1DA3F1A3283B}.Release|Any CPU.Build.0 = Release|Any CPU
		{28F780EF-E535-403E-AF5A-6674456153D4}.Debug|Any CPU.ActiveCfg = Debug|Any CPU
		{28F780EF-E535-403E-AF5A-6674456153D4}.Debug|Any CPU.Build.0 = Debug|Any CPU
		{28F780EF-E535-403E-AF5A-6674456153D4}.Release|Any CPU.ActiveCfg = Release|Any CPU
		{28F780EF-E535-403E-AF5A-6674456153D4}.Release|Any CPU.Build.0 = Release|Any CPU
	EndGlobalSection
	GlobalSection(SolutionProperties) = preSolution
		HideSolutionNode = FALSE
	EndGlobalSection
	GlobalSection(ExtensibilityGlobals) = postSolution
		SolutionGuid = {5DF04CA8-D66B-4997-937A-CB1A52A86016}
	EndGlobalSection
EndGlobal
